
Microsoft Visual Studio Solution File, Format Version 12.00
# Visual Studio Version 16
VisualStudioVersion = 16.0.30011.22
MinimumVisualStudioVersion = 10.0.40219.1
Project("{FAE04EC0-301F-11D3-BF4B-00C04F79EFBC}") = "GrpcGreeter", "GrpcGreeter\GrpcGreeter.csproj", "{AF068C85-B502-4DD9-9592-63C353A66B00}"
EndProject
Project("{FAE04EC0-301F-11D3-BF4B-00C04F79EFBC}") = "GrpcGreeterClient", "GrpcGreeterClient\GrpcGreeterClient.csproj", "{C432CFB5-9933-4931-83FF-0687D3D1F21C}"
EndProject
Project("{FAE04EC0-301F-11D3-BF4B-00C04F79EFBC}") = "PostComment", "..\PostComment\PostComment\PostComment.csproj", "{BAA43537-9B25-4C03-830C-F31121B41071}"
EndProject
Global
	GlobalSection(SolutionConfigurationPlatforms) = preSolution
		Debug|Any CPU = Debug|Any CPU
		Release|Any CPU = Release|Any CPU
	EndGlobalSection
	GlobalSection(ProjectConfigurationPlatforms) = postSolution
		{AF068C85-B502-4DD9-9592-63C353A66B00}.Debug|Any CPU.ActiveCfg = Debug|Any CPU
		{AF068C85-B502-4DD9-9592-63C353A66B00}.Debug|Any CPU.Build.0 = Debug|Any CPU
		{AF068C85-B502-4DD9-9592-63C353A66B00}.Release|Any CPU.ActiveCfg = Release|Any CPU
		{AF068C85-B502-4DD9-9592-63C353A66B00}.Release|Any CPU.Build.0 = Release|Any CPU
		{C432CFB5-9933-4931-83FF-0687D3D1F21C}.Debug|Any CPU.ActiveCfg = Debug|Any CPU
		{C432CFB5-9933-4931-83FF-0687D3D1F21C}.Debug|Any CPU.Build.0 = Debug|Any CPU
		{C432CFB5-9933-4931-83FF-0687D3D1F21C}.Release|Any CPU.ActiveCfg = Release|Any CPU
		{C432CFB5-9933-4931-83FF-0687D3D1F21C}.Release|Any CPU.Build.0 = Release|Any CPU
		{BAA43537-9B25-4C03-830C-F31121B41071}.Debug|Any CPU.ActiveCfg = Debug|Any CPU
		{BAA43537-9B25-4C03-830C-F31121B41071}.Debug|Any CPU.Build.0 = Debug|Any CPU
		{BAA43537-9B25-4C03-830C-F31121B41071}.Release|Any CPU.ActiveCfg = Release|Any CPU
		{BAA43537-9B25-4C03-830C-F31121B41071}.Release|Any CPU.Build.0 = Release|Any CPU
	EndGlobalSection
	GlobalSection(SolutionProperties) = preSolution
		HideSolutionNode = FALSE
	EndGlobalSection
	GlobalSection(ExtensibilityGlobals) = postSolution
		SolutionGuid = {3D443FC5-2F5F-4F33-AB0C-39D0B57A3990}
	EndGlobalSection
EndGlobal
